
Microsoft Visual Studio Solution File, Format Version 12.00
# Visual Studio Version 17
VisualStudioVersion = 17.1.32210.238
MinimumVisualStudioVersion = 10.0.40219.1
Project("{FAE04EC0-301F-11D3-BF4B-00C04F79EFBC}") = "WeatherForecast", "WeatherForecast\WeatherForecast.csproj", "{954D3F3A-010C-4B9F-B312-883DF36450A9}"
EndProject
Project("{FAE04EC0-301F-11D3-BF4B-00C04F79EFBC}") = "WeatherForecast.Model", "WeatherForecast.Model\WeatherForecast.Model.csproj", "{6BE8F5A5-853C-45B7-A42A-9F0C0E8BFE98}"
EndProject
Project("{FAE04EC0-301F-11D3-BF4B-00C04F79EFBC}") = "WeatherForecast.Db", "WeatherForecast.Db\WeatherForecast.Db.csproj", "{6F376695-82C2-4BE8-A3A7-45F618270008}"
EndProject
Project("{FAE04EC0-301F-11D3-BF4B-00C04F79EFBC}") = "WeatherForecast.Db.Abstract", "WeatherForecast.Db.Abstract\WeatherForecast.Db.Abstract.csproj", "{8420CB11-7167-45A7-A08E-1D2950EFA9FE}"
EndProject
Project("{FAE04EC0-301F-11D3-BF4B-00C04F79EFBC}") = "WeatherForecast.Mediators", "WeatherForecast.Mediators\WeatherForecast.Mediators.csproj", "{1A83E82C-29BC-4CC3-9342-8FD907DFE528}"
EndProject
Global
	GlobalSection(SolutionConfigurationPlatforms) = preSolution
		Debug|Any CPU = Debug|Any CPU
		Release|Any CPU = Release|Any CPU
	EndGlobalSection
	GlobalSection(ProjectConfigurationPlatforms) = postSolution
		{954D3F3A-010C-4B9F-B312-883DF36450A9}.Debug|Any CPU.ActiveCfg = Debug|Any CPU
		{954D3F3A-010C-4B9F-B312-883DF36450A9}.Debug|Any CPU.Build.0 = Debug|Any CPU
		{954D3F3A-010C-4B9F-B312-883DF36450A9}.Release|Any CPU.ActiveCfg = Release|Any CPU
		{954D3F3A-010C-4B9F-B312-883DF36450A9}.Release|Any CPU.Build.0 = Release|Any CPU
		{6BE8F5A5-853C-45B7-A42A-9F0C0E8BFE98}.Debug|Any CPU.ActiveCfg = Debug|Any CPU
		{6BE8F5A5-853C-45B7-A42A-9F0C0E8BFE98}.Debug|Any CPU.Build.0 = Debug|Any CPU
		{6BE8F5A5-853C-45B7-A42A-9F0C0E8BFE98}.Release|Any CPU.ActiveCfg = Release|Any CPU
		{6BE8F5A5-853C-45B7-A42A-9F0C0E8BFE98}.Release|Any CPU.Build.0 = Release|Any CPU
		{6F376695-82C2-4BE8-A3A7-45F618270008}.Debug|Any CPU.ActiveCfg = Debug|Any CPU
		{6F376695-82C2-4BE8-A3A7-45F618270008}.Debug|Any CPU.Build.0 = Debug|Any CPU
		{6F376695-82C2-4BE8-A3A7-45F618270008}.Release|Any CPU.ActiveCfg = Release|Any CPU
		{6F376695-82C2-4BE8-A3A7-45F618270008}.Release|Any CPU.Build.0 = Release|Any CPU
		{8420CB11-7167-45A7-A08E-1D2950EFA9FE}.Debug|Any CPU.ActiveCfg = Debug|Any CPU
		{8420CB11-7167-45A7-A08E-1D2950EFA9FE}.Debug|Any CPU.Build.0 = Debug|Any CPU
		{8420CB11-7167-45A7-A08E-1D2950EFA9FE}.Release|Any CPU.ActiveCfg = Release|Any CPU
		{8420CB11-7167-45A7-A08E-1D2950EFA9FE}.Release|Any CPU.Build.0 = Release|Any CPU
		{1A83E82C-29BC-4CC3-9342-8FD907DFE528}.Debug|Any CPU.ActiveCfg = Debug|Any CPU
		{1A83E82C-29BC-4CC3-9342-8FD907DFE528}.Debug|Any CPU.Build.0 = Debug|Any CPU
		{1A83E82C-29BC-4CC3-9342-8FD907DFE528}.Release|Any CPU.ActiveCfg = Release|Any CPU
		{1A83E82C-29BC-4CC3-9342-8FD907DFE528}.Release|Any CPU.Build.0 = Release|Any CPU
	EndGlobalSection
	GlobalSection(SolutionProperties) = preSolution
		HideSolutionNode = FALSE
	EndGlobalSection
	GlobalSection(ExtensibilityGlobals) = postSolution
		SolutionGuid = {B7DEAD17-D89B-48D1-B138-D8B4E8ED5F9E}
	EndGlobalSection
EndGlobal
